Microsoft Visual Studio Solution File, Format Version 12.00
# Visual Studio Version 17
VisualStudioVersion = 17.0.31903.59
MinimumVisualStudioVersion = 10.0.40219.1
Project("{FAE04EC0-301F-11D3-BF4B-00C04F79EFBC}") = "Pablo.MicroAppStudio01.Blazor", "Pablo.MicroAppStudio01.Blazor\Pablo.MicroAppStudio01.Blazor.csproj", "{7CB72C03-E181-4CB3-8C00-7E7C8DAB74A3}"
EndProject
Global
	GlobalSection(SolutionConfigurationPlatforms) = preSolution
		Debug|Any CPU = Debug|Any CPU
		Release|Any CPU = Release|Any CPU
	EndGlobalSection
	GlobalSection(SolutionProperties) = preSolution
		HideSolutionNode = FALSE
	EndGlobalSection
	GlobalSection(ProjectConfigurationPlatforms) = postSolution
		{7CB72C03-E181-4CB3-8C00-7E7C8DAB74A3}.Debug|Any CPU.ActiveCfg = Debug|Any CPU
		{7CB72C03-E181-4CB3-8C00-7E7C8DAB74A3}.Debug|Any CPU.Build.0 = Debug|Any CPU
		{7CB72C03-E181-4CB3-8C00-7E7C8DAB74A3}.Release|Any CPU.ActiveCfg = Release|Any CPU
		{7CB72C03-E181-4CB3-8C00-7E7C8DAB74A3}.Release|Any CPU.Build.0 = Release|Any CPU
	EndGlobalSection
EndGlobal
