# THIS IS AN AUTOGENERATED FILE. DO NOT EDIT THIS FILE DIRECTLY.
# yarn lockfile v1


"@abp/aspnetcore.mvc.ui.theme.shared@~8.2.0":
  version "8.2.0"
  resolved "https://registry.npmjs.org/@abp/aspnetcore.mvc.ui.theme.shared/-/aspnetcore.mvc.ui.theme.shared-8.2.0.tgz"
  integrity sha512-6iCo5+aSfhmAtKgBOLFNG7uKnOWv64RH8LwVPbMDVdjG+gKD96V+OunFLiG1p8Ta7Y+pip7PHWBKAqE3iC3Fag==
  dependencies:
    "@abp/aspnetcore.mvc.ui" "~8.2.0"
    "@abp/bootstrap" "~8.2.0"
    "@abp/bootstrap-datepicker" "~8.2.0"
    "@abp/bootstrap-daterangepicker" "~8.2.0"
    "@abp/datatables.net-bs5" "~8.2.0"
    "@abp/font-awesome" "~8.2.0"
    "@abp/jquery-form" "~8.2.0"
    "@abp/jquery-validation-unobtrusive" "~8.2.0"
    "@abp/lodash" "~8.2.0"
    "@abp/luxon" "~8.2.0"
    "@abp/malihu-custom-scrollbar-plugin" "~8.2.0"
    "@abp/moment" "~8.2.0"
    "@abp/select2" "~8.2.0"
    "@abp/sweetalert2" "~8.2.0"
    "@abp/timeago" "~8.2.0"
    "@abp/toastr" "~8.2.0"

"@abp/aspnetcore.mvc.ui@~8.2.0":
  version "8.2.0"
  resolved "https://registry.npmjs.org/@abp/aspnetcore.mvc.ui/-/aspnetcore.mvc.ui-8.2.0.tgz"
  integrity sha512-5Mu7TBDzXHBWqKMns2OVf2C5g1/038wz1XjsiaHANJ3b1iwHX1gt90nV5THK5yXRXxBjOUZnBE1TOj/jKAKEWQ==
  dependencies:
    ansi-colors "^4.1.1"

"@abp/bootstrap-datepicker@~8.2.0":
  version "8.2.0"
  resolved "https://registry.npmjs.org/@abp/bootstrap-datepicker/-/bootstrap-datepicker-8.2.0.tgz"
  integrity sha512-n4vVjeS2OOuFWrYHMJx1wQp7iyMgM/cofnQdAJy3S2U4cm72DeSCfOQN0LcxdyTlYAE+zGWexmzMAmDTJk/dGg==
  dependencies:
    bootstrap-datepicker "^1.9.0"

"@abp/bootstrap-daterangepicker@~8.2.0":
  version "8.2.0"
  resolved "https://registry.npmjs.org/@abp/bootstrap-daterangepicker/-/bootstrap-daterangepicker-8.2.0.tgz"
  integrity sha512-+2Hahy66bgFi4t+2il6zfTunilg2ARyr52AOSkqH440xKcdIMEdLeCRHgWadJj6zKnWCmN4LXfvKWgMmWwhPbg==
  dependencies:
    bootstrap-daterangepicker "^3.1.0"

"@abp/bootstrap@~8.2.0":
  version "8.2.0"
  resolved "https://registry.npmjs.org/@abp/bootstrap/-/bootstrap-8.2.0.tgz"
  integrity sha512-+sNl5KzVi4f1+IAf/+jBwOzUEoqDKuvyOp9YZHOrTVyVj8inDXFCIUqGxTetVcTuD0loxVnHWgdUHetsFJvkJA==
  dependencies:
    "@abp/core" "~8.2.0"
    bootstrap "^5.1.3"

"@abp/core@~8.2.0":
  version "8.2.0"
  resolved "https://registry.npmjs.org/@abp/core/-/core-8.2.0.tgz"
  integrity sha512-SzohDqNpby11B/teq9Su1zng19j2X8ifGVdIF5RYXPb/SZwO4+wqOpJL62ycVupKoB/wBk8X89NK7qrSE19rtg==
  dependencies:
    "@abp/utils" "~8.2.0"

"@abp/cropperjs@~8.2.0":
  version "8.2.0"
  resolved "https://registry.npmjs.org/@abp/cropperjs/-/cropperjs-8.2.0.tgz"
  integrity sha512-FUtW6E8tiM5uU2fyPK0kf0IBETfz6tqndFv50ihdvAhXT4MWJT0jQ7I54/2hZqC5Z4oqnW1IPwrY78Rl4zXWIw==
  dependencies:
    "@abp/core" "~8.2.0"
    cropperjs "^1.5.12"

"@abp/datatables.net-bs5@~8.2.0":
  version "8.2.0"
  resolved "https://registry.npmjs.org/@abp/datatables.net-bs5/-/datatables.net-bs5-8.2.0.tgz"
  integrity sha512-45icvFVaEoPqVXmrTbtHrLFU7Cb/QH/gFChcTTSET9l2rQWG1hM2F5t2GPu7Hct15tUmQKCco6rUM32m0uekFQ==
  dependencies:
    "@abp/datatables.net" "~8.2.0"
    datatables.net-bs5 "^1.11.4"

"@abp/datatables.net@~8.2.0":
  version "8.2.0"
  resolved "https://registry.npmjs.org/@abp/datatables.net/-/datatables.net-8.2.0.tgz"
  integrity sha512-Uc+NPRaZdTl7rnFdPp3VtX/Fd0igRH3byaqKXAzX639a+aaI5mA2Utm0kMZFXYVoh7Hp8bYGP0W5pzdGWzk2Mg==
  dependencies:
    "@abp/jquery" "~8.2.0"
    datatables.net "^1.11.4"

"@abp/font-awesome@~8.2.0":
  version "8.2.0"
  resolved "https://registry.npmjs.org/@abp/font-awesome/-/font-awesome-8.2.0.tgz"
  integrity sha512-uTPdfLZWV1lJGia2FTaBCC84w1NpBiVEHWF8cpn2EURBXRcBJAn4PZOBOQVs+qgW4QyawfjuaR57hKmOyRodWw==
  dependencies:
    "@abp/core" "~8.2.0"
    "@fortawesome/fontawesome-free" "^6.5.1"

"@abp/jquery-form@~8.2.0":
  version "8.2.0"
  resolved "https://registry.npmjs.org/@abp/jquery-form/-/jquery-form-8.2.0.tgz"
  integrity sha512-8pvNMTADbPzxsLGRFzePmMLa7ZZ1UWnvcVpP4aZMQ0lB356trbB5tH1Q/Kd7QeuqZS2LaejgVOG6NkZtk09sHQ==
  dependencies:
    "@abp/jquery" "~8.2.0"
    jquery-form "^4.3.0"

"@abp/jquery-validation-unobtrusive@~8.2.0":
  version "8.2.0"
  resolved "https://registry.npmjs.org/@abp/jquery-validation-unobtrusive/-/jquery-validation-unobtrusive-8.2.0.tgz"
  integrity sha512-JuuYQWnRghlm+i1gsMXpJafGDu3nUdKab3zZ3BTAR0TRnbHaqKzPudhW28nxPqyrLhlEFiWOxsIFAv2Zo3AYgQ==
  dependencies:
    "@abp/jquery-validation" "~8.2.0"
    jquery-validation-unobtrusive "^3.2.12"

"@abp/jquery-validation@~8.2.0":
  version "8.2.0"
  resolved "https://registry.npmjs.org/@abp/jquery-validation/-/jquery-validation-8.2.0.tgz"
  integrity sha512-7NlsSARX1omJcTyDXsdK4RHy2Lr5bmIa/LiGniLbNSfsRQxupXVzt9pygRuq3j/4mPCbwf7qVUSld1rgznhyeg==
  dependencies:
    "@abp/jquery" "~8.2.0"
    jquery-validation "^1.19.3"

"@abp/jquery@~8.2.0":
  version "8.2.0"
  resolved "https://registry.npmjs.org/@abp/jquery/-/jquery-8.2.0.tgz"
  integrity sha512-ow/A7a8b5FVRolMlOKPVaJsizmm8VjOr+g3LG3/Sj6Zvebx+j4YLXlUEfCl8FmEj2jjh5Q3hsKQwp1HW/S+FXA==
  dependencies:
    "@abp/core" "~8.2.0"
    jquery "~3.6.0"

"@abp/lodash@~8.2.0":
  version "8.2.0"
  resolved "https://registry.npmjs.org/@abp/lodash/-/lodash-8.2.0.tgz"
  integrity sha512-YqCT3idDmeMTUr0RjTtobpTXazkm3kSMdzmFsQvp31sC5eyXDb7/SQip0OP4c3/co2CYhH/vwX5mbAmzDazY3w==
  dependencies:
    "@abp/core" "~8.2.0"
    lodash "^4.17.21"

"@abp/luxon@~8.2.0":
  version "8.2.0"
  resolved "https://registry.npmjs.org/@abp/luxon/-/luxon-8.2.0.tgz"
  integrity sha512-n11g3IcqE3bpzL06hpYSceQksNz8fowRceu8lJvw2Vo6STNPlL0Kv5awf8qxUcX27XOkE8t8UTBzAERLXZzyCQ==
  dependencies:
    "@abp/core" "~8.2.0"
    luxon "^2.3.0"

"@abp/malihu-custom-scrollbar-plugin@~8.2.0":
  version "8.2.0"
  resolved "https://registry.npmjs.org/@abp/malihu-custom-scrollbar-plugin/-/malihu-custom-scrollbar-plugin-8.2.0.tgz"
  integrity sha512-ALnvSVnzW1q2BVjkGOlgU/fp4VJME7PZWOD/DozAuh1aBKKR9ElR5T54Uf9HQrB53sRaPchHBl9usIOZ0WDqWQ==
  dependencies:
    "@abp/core" "~8.2.0"
    malihu-custom-scrollbar-plugin "^3.1.5"

"@abp/moment@~8.2.0":
  version "8.2.0"
  resolved "https://registry.npmjs.org/@abp/moment/-/moment-8.2.0.tgz"
  integrity sha512-pg5LKOXCOe9ncoYCSWzvmPBH2VSVi+6CtmWnfcI23ir07PmAk5zmfNvDdkkBFsALxi5Ypq1UWH45o+a6FteHpQ==
  dependencies:
    moment "^2.9.0"

"@abp/qrcode@~8.2.0":
  version "8.2.0"
  resolved "https://registry.npmjs.org/@abp/qrcode/-/qrcode-8.2.0.tgz"
  integrity sha512-a6BWcUEo8hWcv5vuSWui0dCpRf7mTzHcp4IbJyNIwEWViNDRzgeFXPZJMYIa5cuxTIODbTRX8/RV9dnlpxQhMw==
  dependencies:
    "@abp/core" "~8.2.0"

"@abp/select2@~8.2.0":
  version "8.2.0"
  resolved "https://registry.npmjs.org/@abp/select2/-/select2-8.2.0.tgz"
  integrity sha512-TQJLRrfEJsDnp7n0OHKMyNF0Um+O4b7AvRhiVz8opiuAIpaFXQRp02/UuMBX9h7SQUWNONXEqKmLvKdyEIhLAA==
  dependencies:
    "@abp/core" "~8.2.0"
    select2 "^4.0.13"

"@abp/sweetalert2@~8.2.0":
  version "8.2.0"
  resolved "https://registry.npmjs.org/@abp/sweetalert2/-/sweetalert2-8.2.0.tgz"
  integrity sha512-3w/bsEdV5B1Y288wVJa3CrkYASDqwwpuzjCk9g8Foe0xlc7TNs/X9HAm/PeDpdt8glxnxnvnN/zKJOtnFNRgWg==
  dependencies:
    "@abp/core" "~8.2.0"
    sweetalert2 "^11.3.6"

"@abp/timeago@~8.2.0":
  version "8.2.0"
  resolved "https://registry.npmjs.org/@abp/timeago/-/timeago-8.2.0.tgz"
  integrity sha512-Vwo7Y6m/9CGBcjqLQ/S6lyP27Ilf8ThB7B5QYYlKA5yAL/VqrRaElYmJ8g9+MH7elMuGPvfCnjlPYcBfP2anuQ==
  dependencies:
    "@abp/jquery" "~8.2.0"
    timeago "^1.6.7"

"@abp/toastr@~8.2.0":
  version "8.2.0"
  resolved "https://registry.npmjs.org/@abp/toastr/-/toastr-8.2.0.tgz"
  integrity sha512-v0nKkP1PLIH92aTHOg/D6TgH65omMgQ30Ujamx2DU4yiRX5Z/2ZJNyO5//9mvmCt8hGXrqVJZwRLVKI/t7UV8A==
  dependencies:
    "@abp/jquery" "~8.2.0"
    toastr "^2.1.4"

"@abp/uppy@~8.2.0":
  version "8.2.0"
  resolved "https://registry.npmjs.org/@abp/uppy/-/uppy-8.2.0.tgz"
  integrity sha512-8f8MyDm9u8fjtG9/GH/U/09S72/yhWuMdg6egHWv8Yb8J4OiB1bbemRZGSkG6qPR+Zxqp0RTKO1K0o4J6IFGVw==
  dependencies:
    "@abp/core" "~8.2.0"
    uppy "^3.0.0"

"@abp/utils@~8.2.0":
  version "8.2.0"
  resolved "https://registry.npmjs.org/@abp/utils/-/utils-8.2.0.tgz"
  integrity sha512-47WX1bNId6KEm9Se4BJmd3dQXDscYB878RTABXnOmB018QSNQjJFwp8dR0E9I5ZaXRUcBetrpkHku6OyXr/gXw==
  dependencies:
    just-compare "^2.3.0"

"@abp/zxcvbn@~8.2.0":
  version "8.2.0"
  resolved "https://registry.npmjs.org/@abp/zxcvbn/-/zxcvbn-8.2.0.tgz"
  integrity sha512-av6ljeMb96Gnh1n3cefUAFI8Hequ47Ln02q12SenUpQGU/8rreZvnCvaR0tTKMFuu7U2MA+GDXUnUgyweJcONg==
  dependencies:
    "@abp/core" "~8.2.0"
    zxcvbn "^4.4.2"

"@fortawesome/fontawesome-free@^6.5.1":
  version "6.6.0"
  resolved "https://registry.npmjs.org/@fortawesome/fontawesome-free/-/fontawesome-free-6.6.0.tgz"
  integrity sha512-60G28ke/sXdtS9KZCpZSHHkCbdsOGEhIUGlwq6yhY74UpTiToIh8np7A8yphhM4BWsvNFtIvLpi4co+h9Mr9Ow==

"@popperjs/core@^2.11.8":
  version "2.11.8"
  resolved "https://registry.npmjs.org/@popperjs/core/-/core-2.11.8.tgz"
  integrity sha512-P1st0aksCrn9sGZhp8GMYwBnQsbvAWsZAX44oXNNvLHGqAOcoVxmjZiohstwQ7SqKnbR47akdNi+uleWD8+g6A==

"@transloadit/prettier-bytes@^0.3.4":
  version "0.3.4"
  resolved "https://registry.npmjs.org/@transloadit/prettier-bytes/-/prettier-bytes-0.3.4.tgz"
  integrity sha512-8/SnIF9Q2k52mbjRVAYLranwkaDTLb+O9r4Z/uo8uNw//SjygKvvbF4BHSOuReufaAyum1q13602VcNud25Dfg==

"@types/retry@0.12.2":
  version "0.12.2"
  resolved "https://registry.npmjs.org/@types/retry/-/retry-0.12.2.tgz"
  integrity sha512-XISRgDJ2Tc5q4TRqvgJtzsRkFYNJzZrhTdtMoGVBttwzzQJkPnS3WWTFc7kuDRoPtPakl+T+OfdEUjYJj7Jbow==

"@uppy/audio@^1.1.9":
  version "1.1.9"
  resolved "https://registry.npmjs.org/@uppy/audio/-/audio-1.1.9.tgz"
  integrity sha512-PuA6RhTBr8KEATouWQ/PLyw/8LY+rxy2jcI/gzkQg36ohBCS/UouzmawFFI+WqEwztlLVGcKeUUH5Yd9ePUD5A==
  dependencies:
    "@uppy/utils" "^5.9.0"
    preact "^10.5.13"

"@uppy/aws-s3-multipart@^3.10.2", "@uppy/aws-s3-multipart@^3.12.0":
  version "3.12.0"
  resolved "https://registry.npmjs.org/@uppy/aws-s3-multipart/-/aws-s3-multipart-3.12.0.tgz"
  integrity sha512-l6/TlRjde/mP4LMFWdJIRBEUUceYXtAiNAHukfyzM3VbY3/+YrEJTAchsa4DrqAiyToJJu6b+xxvL2H46cDs3Q==
  dependencies:
    "@uppy/companion-client" "^3.8.1"
    "@uppy/utils" "^5.9.0"

"@uppy/aws-s3@^3.6.2":
  version "3.6.2"
  resolved "https://registry.npmjs.org/@uppy/aws-s3/-/aws-s3-3.6.2.tgz"
  integrity sha512-pXXSfJbPLR9tmmLFckKU3lyp7Zx4AVvamH/Y5MU2WHKj8TQMrGeM0/M/nXn8SIa7roYEaskY6dVYT/DcHLdO9A==
  dependencies:
    "@uppy/aws-s3-multipart" "^3.10.2"
    "@uppy/companion-client" "^3.7.2"
    "@uppy/utils" "^5.7.2"
    "@uppy/xhr-upload" "^3.6.2"
    nanoid "^4.0.0"

"@uppy/box@^2.4.0":
  version "2.4.0"
  resolved "https://registry.npmjs.org/@uppy/box/-/box-2.4.0.tgz"
  integrity sha512-7KEXzljhYcw0dMycJ4rEvLc6wkH9+yLmRQ69PQ+iPYzWe4q27DD7ux3lAhEqRocRFqqzFCt6M3pW79WfnqjkCA==
  dependencies:
    "@uppy/companion-client" "^3.8.1"
    "@uppy/provider-views" "^3.13.0"
    "@uppy/utils" "^5.9.0"
    preact "^10.5.13"

"@uppy/companion-client@^3.7.2", "@uppy/companion-client@^3.8.1", "@uppy/companion-client@^3.8.2":
  version "3.8.2"
  resolved "https://registry.npmjs.org/@uppy/companion-client/-/companion-client-3.8.2.tgz"
  integrity sha512-WLjZ0Y6Fe7lzwU1YPvvQ/YqooejcgIZkT2TC39xr+QQ7Y1FwJECsyUdlKwgi1ee8TNpjoCrj3Q1Hjel/+p0VhA==
  dependencies:
    "@uppy/utils" "^5.9.0"
    namespace-emitter "^2.0.1"
    p-retry "^6.1.0"

"@uppy/compressor@^1.1.4":
  version "1.1.4"
  resolved "https://registry.npmjs.org/@uppy/compressor/-/compressor-1.1.4.tgz"
  integrity sha512-ZB8nsJQz9cZXQKFAiKVZjD9REiFXF5woeAQKrJvTTFdxhvH8PVn8EKmOFZDt1f2XuwgsIXdhsbfI6BzmLVFYYg==
  dependencies:
    "@transloadit/prettier-bytes" "^0.3.4"
    "@uppy/utils" "^5.9.0"
    compressorjs "^1.2.1"
    preact "^10.5.13"
    promise-queue "^2.2.5"

"@uppy/core@^3.10.0", "@uppy/core@^3.11.0", "@uppy/core@^3.11.2", "@uppy/core@^3.11.3", "@uppy/core@^3.12.0", "@uppy/core@^3.13.0", "@uppy/core@^3.13.1", "@uppy/core@^3.4.0", "@uppy/core@^3.9.1", "@uppy/core@^3.9.3":
  version "3.13.1"
  resolved "https://registry.npmjs.org/@uppy/core/-/core-3.13.1.tgz"
  integrity sha512-iQGAUO4ziQRpfv7kix6tO6JOWqjI0K4vt8AynvHWzDPZxYSba3zd6RojGNPsYWSR7Xv+dRXYx+GU8oTiK1FRUA==
  dependencies:
    "@transloadit/prettier-bytes" "^0.3.4"
    "@uppy/store-default" "^3.2.2"
    "@uppy/utils" "^5.9.0"
    lodash "^4.17.21"
    mime-match "^1.0.2"
    namespace-emitter "^2.0.1"
    nanoid "^4.0.0"
    preact "^10.5.13"

"@uppy/dashboard@^3.9.0", "@uppy/dashboard@^3.9.1":
  version "3.9.1"
  resolved "https://registry.npmjs.org/@uppy/dashboard/-/dashboard-3.9.1.tgz"
  integrity sha512-zZp+5Dwqu1jUdAZEu0Os2kC/8bF3cdrkve8CYEwqP/12yjNe8PF+XUQKF1RCYITjDE4hPSXcTh0MWw6t2LONuw==
  dependencies:
    "@transloadit/prettier-bytes" "^0.3.4"
    "@uppy/informer" "^3.1.0"
    "@uppy/provider-views" "^3.13.0"
    "@uppy/status-bar" "^3.3.3"
    "@uppy/thumbnail-generator" "^3.1.0"
    "@uppy/utils" "^5.9.0"
    classnames "^2.2.6"
    is-shallow-equal "^1.0.1"
    lodash "^4.17.21"
    memoize-one "^6.0.0"
    nanoid "^4.0.0"
    preact "^10.5.13"

"@uppy/drag-drop@^3.1.1":
  version "3.1.1"
  resolved "https://registry.npmjs.org/@uppy/drag-drop/-/drag-drop-3.1.1.tgz"
  integrity sha512-ujUBswJ/Acvg1UQUPtfWO6PekPzFgQAEtDW7yxsi81wy1/WNIYjY36bxKVpM/cz5PjmWOTWoqdjBQa4LIJCdyw==
  dependencies:
    "@uppy/utils" "^5.9.0"
    preact "^10.5.13"

"@uppy/drop-target@^2.1.0":
  version "2.1.0"
  resolved "https://registry.npmjs.org/@uppy/drop-target/-/drop-target-2.1.0.tgz"
  integrity sha512-s05stmY2u6BK0X7c/jMAxnTigUj08ccesoD9kmkkfPZh+J0icgokJa+P/KwwAiPAyReBoJSS1ZBzjHjuAM0v9Q==
  dependencies:
    "@uppy/utils" "^5.9.0"

"@uppy/dropbox@^3.4.0":
  version "3.4.0"
  resolved "https://registry.npmjs.org/@uppy/dropbox/-/dropbox-3.4.0.tgz"
  integrity sha512-KcYb40b5qCnOJVB+2wNHG+DY/s2sLtW6vyp7jJNrQR87AtNaLXd1dIoYXgM5HrCTJ52IrnfrTgNcUb+EhaRisw==
  dependencies:
    "@uppy/companion-client" "^3.8.1"
    "@uppy/provider-views" "^3.13.0"
    "@uppy/utils" "^5.9.0"
    preact "^10.5.13"

"@uppy/facebook@^3.3.1":
  version "3.3.1"
  resolved "https://registry.npmjs.org/@uppy/facebook/-/facebook-3.3.1.tgz"
  integrity sha512-AUZKJc8XrGaAcCos8XFCvx5hsAO6cGNXJkxjFJrkMsj7z+dUCxkVumAlztZh/5SYyhymZj20Y8cUIjRI0gvpiw==
  dependencies:
    "@uppy/companion-client" "^3.8.1"
    "@uppy/provider-views" "^3.12.0"
    "@uppy/utils" "^5.9.0"
    preact "^10.5.13"

"@uppy/file-input@^3.1.2":
  version "3.1.2"
  resolved "https://registry.npmjs.org/@uppy/file-input/-/file-input-3.1.2.tgz"
  integrity sha512-IgZhK3EfO2bEqmEwpqfo3N9k8OxV2pmuGdKU4IuwJFv3Q1s1F6ceSDhWX8ivtVXlDvnbJIkqZbZjnvWwJxfjng==
  dependencies:
    "@uppy/utils" "^5.9.0"
    preact "^10.5.13"

"@uppy/form@^3.2.2":
  version "3.2.2"
  resolved "https://registry.npmjs.org/@uppy/form/-/form-3.2.2.tgz"
  integrity sha512-dS54AtSicF7pA0wupt09t/xrz0kH/HS0dIaGnQaxhnk3a5TMUaF5/HVXvzdHli7udfiT8jzWfpOOlvgL7+YbQQ==
  dependencies:
    "@uppy/utils" "^5.9.0"
    get-form-data "^3.0.0"

"@uppy/golden-retriever@^3.2.0":
  version "3.2.0"
  resolved "https://registry.npmjs.org/@uppy/golden-retriever/-/golden-retriever-3.2.0.tgz"
  integrity sha512-r2U76tXLjGKQCR8mtCmuncqAZYwQR7Hwx6AiWGts+fbmwFTLI2sj5GbjEPonB6jfNqqHleqvihQnqPFGTKIAlw==
  dependencies:
    "@uppy/utils" "^5.7.5"
    lodash "^4.17.21"

"@uppy/google-drive@^3.6.0":
  version "3.6.0"
  resolved "https://registry.npmjs.org/@uppy/google-drive/-/google-drive-3.6.0.tgz"
  integrity sha512-7Db98dJW/7ajvKUjJxQbL7D5MarJHG7T958jZhmy0jRugx19r9HqBcM88bsIn+A3ljmnrqzb9IfsRwTZ2W6D5A==
  dependencies:
    "@uppy/companion-client" "^3.8.1"
    "@uppy/provider-views" "^3.13.0"
    "@uppy/utils" "^5.9.0"
    preact "^10.5.13"

"@uppy/google-photos@^0.1.0":
  version "0.1.0"
  resolved "https://registry.npmjs.org/@uppy/google-photos/-/google-photos-0.1.0.tgz"
  integrity sha512-Ia61UjMJxItZXkPBZiSCXvr2tCHq5s4GTUdWFKAe+nDzNndcO0J4FvGR0wFq5lA7yJ0lGofIq7yvVGk3G64/nQ==
  dependencies:
    "@uppy/companion-client" "^3.8.1"
    "@uppy/provider-views" "^3.13.0"
    "@uppy/utils" "^5.9.0"
    preact "^10.5.13"

"@uppy/image-editor@^2.4.6":
  version "2.4.6"
  resolved "https://registry.npmjs.org/@uppy/image-editor/-/image-editor-2.4.6.tgz"
  integrity sha512-uQ8k4pUSsYBv6ZBoICwKq3M1DqiKg6AFM/nbvxL/q5KpRkRTszzPvP4hyvjY2zDLLf/NlK3E45N2IcWraV87dQ==
  dependencies:
    "@uppy/utils" "^5.9.0"
    cropperjs "1.5.7"
    preact "^10.5.13"

"@uppy/informer@^3.1.0":
  version "3.1.0"
  resolved "https://registry.npmjs.org/@uppy/informer/-/informer-3.1.0.tgz"
  integrity sha512-vmpTLqzSLmZSuIVDZV0o19yXVqyTh5/uCbKUEiyfBhR726kQiuYQLP/ZHaKcvW3c1ESQGbNg53iNHbFBqF681w==
  dependencies:
    "@uppy/utils" "^5.7.4"
    preact "^10.5.13"

"@uppy/instagram@^3.3.1":
  version "3.3.1"
  resolved "https://registry.npmjs.org/@uppy/instagram/-/instagram-3.3.1.tgz"
  integrity sha512-lD1abtGslNmZ3RA4UHKYYLeRllxhCMHD60HvRdud9LL6k/M6AvlWupG8Q5jnA6c+OcWdeCdIKCkSWsF+N795LA==
  dependencies:
    "@uppy/companion-client" "^3.8.1"
    "@uppy/provider-views" "^3.12.0"
    "@uppy/utils" "^5.9.0"
    preact "^10.5.13"

"@uppy/onedrive@^3.4.0":
  version "3.4.0"
  resolved "https://registry.npmjs.org/@uppy/onedrive/-/onedrive-3.4.0.tgz"
  integrity sha512-UXNdvL62aT8RTYCK3rUVwtWapRP5UIJad/TRmkllavr9cLkhLnAd8jZNXjru2P2l7sRO6Zcd44EwMTHij0Aa8A==
  dependencies:
    "@uppy/companion-client" "^3.8.1"
    "@uppy/provider-views" "^3.13.0"
    "@uppy/utils" "^5.9.0"
    preact "^10.5.13"

"@uppy/progress-bar@^3.1.1":
  version "3.1.1"
  resolved "https://registry.npmjs.org/@uppy/progress-bar/-/progress-bar-3.1.1.tgz"
  integrity sha512-c7Wcv6/gvrdxICnZUaU/cZG6wUtS0V/GYGssGFQ6OW84h0smuzGGA+KOh9zKqr6HBHxgKRxmCDtrlTlSSvAuQQ==
  dependencies:
    "@uppy/utils" "^5.7.5"
    preact "^10.5.13"

"@uppy/provider-views@^3.12.0", "@uppy/provider-views@^3.13.0":
  version "3.13.0"
  resolved "https://registry.npmjs.org/@uppy/provider-views/-/provider-views-3.13.0.tgz"
  integrity sha512-Z2oI88A+GC2zIPk8beoeFN/miHKkhtF58mYjvb5miGCMMZM7p7LRj98sgb5OOdKsGrfeiuTavtgL424BvcVd8w==
  dependencies:
    "@uppy/utils" "^5.9.0"
    classnames "^2.2.6"
    nanoid "^4.0.0"
    p-queue "^7.3.4"
    preact "^10.5.13"

"@uppy/redux-dev-tools@^3.0.3":
  version "3.0.3"
  resolved "https://registry.npmjs.org/@uppy/redux-dev-tools/-/redux-dev-tools-3.0.3.tgz"
  integrity sha512-WwAF+Yp+C3k0tbeLN+AnQDsZZsSpbt0nPUyCTtvUrGXK4p05tI8vEFheVmChgZKud038nZ/ULPGsKNFmuOm81Q==

"@uppy/remote-sources@^1.3.0":
  version "1.3.0"
  resolved "https://registry.npmjs.org/@uppy/remote-sources/-/remote-sources-1.3.0.tgz"
  integrity sha512-jhxnwCvj5LYCPWd7k5dGFKlBcJqITG4GhZfZaWszRDYHtpYSC5blw+5AxKkBitvERoXk/su17x3VFo8jkiCG0g==
  dependencies:
    "@uppy/box" "^2.4.0"
    "@uppy/dashboard" "^3.9.0"
    "@uppy/dropbox" "^3.4.0"
    "@uppy/facebook" "^3.3.1"
    "@uppy/google-drive" "^3.6.0"
    "@uppy/google-photos" "^0.1.0"
    "@uppy/instagram" "^3.3.1"
    "@uppy/onedrive" "^3.4.0"
    "@uppy/unsplash" "^3.3.1"
    "@uppy/url" "^3.6.1"
    "@uppy/zoom" "^2.3.1"

"@uppy/screen-capture@^3.2.0":
  version "3.2.0"
  resolved "https://registry.npmjs.org/@uppy/screen-capture/-/screen-capture-3.2.0.tgz"
  integrity sha512-bwrIpp9nlymjMVD3DpULurAUfvVUVkOfZfGWH2xtaVGZbXU1Q7rwNM1jwn4ilqSLCRWbDNi8VSy81WOruKv/9g==
  dependencies:
    "@uppy/utils" "^5.7.5"
    preact "^10.5.13"

"@uppy/status-bar@^3.3.3":
  version "3.3.3"
  resolved "https://registry.npmjs.org/@uppy/status-bar/-/status-bar-3.3.3.tgz"
  integrity sha512-TCcnBjTDbq/AmnGOcWbCpQNsv05Z6Y36zdmTCt/xNe2/gTVAYAzGRoGOrkeb6jf/E4AAi25VyOolSqL2ibB8Kw==
  dependencies:
    "@transloadit/prettier-bytes" "^0.3.4"
    "@uppy/utils" "^5.9.0"
    classnames "^2.2.6"
    preact "^10.5.13"

"@uppy/store-default@^3.2.2":
  version "3.2.2"
  resolved "https://registry.npmjs.org/@uppy/store-default/-/store-default-3.2.2.tgz"
  integrity sha512-OiSgT++Jj4nLK0N9WTeod3UNjCH81OXE5BcMJCd9oWzl2d0xPNq2T/E9Y6O72XVd+6Y7+tf5vZlPElutfMB3KQ==

"@uppy/store-redux@^3.0.7":
  version "3.0.7"
  resolved "https://registry.npmjs.org/@uppy/store-redux/-/store-redux-3.0.7.tgz"
  integrity sha512-6+RDxoi6YBd6kmO5bh29zeHZXSObR8xxzHNGY3MYowSgxfPTidFvDvOepWRcx9+GPIK4Gux1AIYC6R2cnUNCBQ==
  dependencies:
    nanoid "^4.0.0"

"@uppy/thumbnail-generator@^3.1.0":
  version "3.1.0"
  resolved "https://registry.npmjs.org/@uppy/thumbnail-generator/-/thumbnail-generator-3.1.0.tgz"
  integrity sha512-tDKK/cukC0CrM0F/OlHFmvpGGUq+Db4YfakhIGPKtT7ZO8aWOiIu5JIvaYUnKRxGq3RGsk4zhkxYXuoxVzzsGA==
  dependencies:
    "@uppy/utils" "^5.7.5"
    exifr "^7.0.0"

"@uppy/transloadit@^3.8.0":
  version "3.8.0"
  resolved "https://registry.npmjs.org/@uppy/transloadit/-/transloadit-3.8.0.tgz"
  integrity sha512-7SRPj2IZ7utIa/MRXUUtSzidF9fjZ5ZCihW0SgKPnpI3byEj40sE24hQjP78cME48l/rp93ufn6YyHlkrnoPiA==
  dependencies:
    "@uppy/companion-client" "^3.8.1"
    "@uppy/provider-views" "^3.13.0"
    "@uppy/tus" "^3.5.5"
    "@uppy/utils" "^5.9.0"
    component-emitter "^1.2.1"

"@uppy/tus@^3.5.5":
  version "3.5.5"
  resolved "https://registry.npmjs.org/@uppy/tus/-/tus-3.5.5.tgz"
  integrity sha512-Dcvqc897tSWRe9oiJo2ZCiyebn0G3j8FMYa99GYeLV9AeL37V/7akMAPG5ama4mTQLBXHcpziLqosTrf07ZMYQ==
  dependencies:
    "@uppy/companion-client" "^3.8.1"
    "@uppy/utils" "^5.9.0"
    tus-js-client "^3.1.3"

"@uppy/unsplash@^3.3.1":
  version "3.3.1"
  resolved "https://registry.npmjs.org/@uppy/unsplash/-/unsplash-3.3.1.tgz"
  integrity sha512-MQ2l3Rg7tyc4ntqQzjsGQAff1nyIku0w96yAYXZAEWGk9GzLq4H2Te1lXgL1tauh9+5zrzglGe2GQv7A2H4wgQ==
  dependencies:
    "@uppy/companion-client" "^3.8.1"
    "@uppy/provider-views" "^3.12.0"
    "@uppy/utils" "^5.9.0"
    preact "^10.5.13"

"@uppy/url@^3.6.1":
  version "3.6.1"
  resolved "https://registry.npmjs.org/@uppy/url/-/url-3.6.1.tgz"
  integrity sha512-EqnhNSHv7HYY8T9pQ3Cc7/SlSs1eD9rIoNd0GH7axPrJiR1KNwinN3EKnipIlUQgKvjpmrqAdPpHzkAyUVQqDw==
  dependencies:
    "@uppy/companion-client" "^3.8.1"
    "@uppy/utils" "^5.9.0"
    nanoid "^4.0.0"
    preact "^10.5.13"

"@uppy/utils@^5.7.2", "@uppy/utils@^5.7.4", "@uppy/utils@^5.7.5", "@uppy/utils@^5.9.0":
  version "5.9.0"
  resolved "https://registry.npmjs.org/@uppy/utils/-/utils-5.9.0.tgz"
  integrity sha512-9Ubddd3orCOLYjf0KobwgJ+aTrABSxk9t4X/QdM4qJHVZuMIftkaMplrViRUO+kvIBCXEZDIP2AmS060siDNGw==
  dependencies:
    lodash "^4.17.21"
    preact "^10.5.13"

"@uppy/webcam@^3.4.2":
  version "3.4.2"
  resolved "https://registry.npmjs.org/@uppy/webcam/-/webcam-3.4.2.tgz"
  integrity sha512-exp6YZN8eu8hJjJ48/O84htMwwGKLwMzuLTEWrXmu710Z3kU7Zu3+jN1PiajnRcGykXl9iwj3iXR2z1uEu+dbw==
  dependencies:
    "@uppy/utils" "^5.9.0"
    is-mobile "^3.1.1"
    preact "^10.5.13"

"@uppy/xhr-upload@^3.6.2", "@uppy/xhr-upload@^3.6.8":
  version "3.6.8"
  resolved "https://registry.npmjs.org/@uppy/xhr-upload/-/xhr-upload-3.6.8.tgz"
  integrity sha512-zr3OHrIdo08jmCqTYKS0C7o3E0XQpjtZI40wmB6VvXYzu4x/aZankG9QqKxLiY0n8KbZ9aCIvO8loxBGoL7Kaw==
  dependencies:
    "@uppy/companion-client" "^3.8.1"
    "@uppy/utils" "^5.9.0"

"@uppy/zoom@^2.3.1":
  version "2.3.1"
  resolved "https://registry.npmjs.org/@uppy/zoom/-/zoom-2.3.1.tgz"
  integrity sha512-rhoNua3zAXt2grzHha09N2pGKyZdnI9h/TLHU8X/LQTswdIhxNmr772AVci2R2p/IwO18xGXB/VXIkh4t3/Nww==
  dependencies:
    "@uppy/companion-client" "^3.8.1"
    "@uppy/provider-views" "^3.12.0"
    "@uppy/utils" "^5.9.0"
    preact "^10.5.13"

"@volo/abp.aspnetcore.mvc.ui.theme.commercial@~8.2.0":
  version "8.2.0"
  resolved "https://registry.npmjs.org/@volo/abp.aspnetcore.mvc.ui.theme.commercial/-/abp.aspnetcore.mvc.ui.theme.commercial-8.2.0.tgz"
  integrity sha512-QEJ9rwjtS6LTZvJXmx0m7rGk5k/0hozzqj1y2Gky+zFon0MoPeeRtHethHCWfEBWYjMgHh8xN0akVuC3exNqcQ==
  dependencies:
    "@abp/aspnetcore.mvc.ui.theme.shared" "~8.2.0"

"@volo/abp.aspnetcore.mvc.ui.theme.leptonx@~3.2.0":
  version "3.2.0"
  resolved "https://registry.npmjs.org/@volo/abp.aspnetcore.mvc.ui.theme.leptonx/-/abp.aspnetcore.mvc.ui.theme.leptonx-3.2.0.tgz"
  integrity sha512-kb+AurisWfRrV8hIcV3l+pyesS0so9NTvBAcoW5Eb/BOEUM6KvpdjGpUEB0xdFdl8Ey/rGUT4bhfe34QKiCUiw==
  dependencies:
    "@volo/abp.aspnetcore.mvc.ui.theme.commercial" "~8.2.0"

"@volo/account@~8.2.0":
  version "8.2.0"
  resolved "https://registry.npmjs.org/@volo/account/-/account-8.2.0.tgz"
  integrity sha512-U34ZAjI5T9LkyCSno1t4E7M1TjYb6qRLXClFcaP9B1Gz0j8esj5OcQ230z3BPJNdler74fyPrHSU6GaohnkxFg==
  dependencies:
    "@abp/cropperjs" "~8.2.0"
    "@abp/qrcode" "~8.2.0"
    "@abp/uppy" "~8.2.0"
    "@abp/zxcvbn" "~8.2.0"
    "@volo/abp.aspnetcore.mvc.ui.theme.commercial" "~8.2.0"

ansi-colors@^4.1.1:
  version "4.1.3"
  resolved "https://registry.npmjs.org/ansi-colors/-/ansi-colors-4.1.3.tgz"
  integrity sha512-/6w/C21Pm1A7aZitlI5Ni/2J6FFQN8i1Cvz3kHABAAbw93v/NlvKdVOqz7CCWz/3iv/JplRSEEZ83XION15ovw==

blueimp-canvas-to-blob@^3.29.0:
  version "3.29.0"
  resolved "https://registry.npmjs.org/blueimp-canvas-to-blob/-/blueimp-canvas-to-blob-3.29.0.tgz"
  integrity sha512-0pcSSGxC0QxT+yVkivxIqW0Y4VlO2XSDPofBAqoJ1qJxgH9eiUDLv50Rixij2cDuEfx4M6DpD9UGZpRhT5Q8qg==

bootstrap-datepicker@^1.9.0:
  version "1.10.0"
  resolved "https://registry.npmjs.org/bootstrap-datepicker/-/bootstrap-datepicker-1.10.0.tgz"
  integrity sha512-lWxtSYddAQOpbAO8UhYhHLcK6425eWoSjb5JDvZU3ePHEPF6A3eUr51WKaFy4PccU19JRxUG6wEU3KdhtKfvpg==
  dependencies:
    jquery ">=3.4.0 <4.0.0"

bootstrap-daterangepicker@^3.1.0:
  version "3.1.0"
  resolved "https://registry.npmjs.org/bootstrap-daterangepicker/-/bootstrap-daterangepicker-3.1.0.tgz"
  integrity sha512-oaQZx6ZBDo/dZNyXGVi2rx5GmFXThyQLAxdtIqjtLlYVaQUfQALl5JZMJJZzyDIX7blfy4ppZPAJ10g8Ma4d/g==
  dependencies:
    jquery ">=1.10"
    moment "^2.9.0"

bootstrap@^5.1.3:
  version "5.3.3"
  resolved "https://registry.npmjs.org/bootstrap/-/bootstrap-5.3.3.tgz"
  integrity sha512-8HLCdWgyoMguSO9o+aH+iuZ+aht+mzW0u3HIMzVu7Srrpv7EBBxTnrFlSCskwdY1+EOFQSm7uMJhNQHkdPcmjg==

buffer-from@^1.1.2:
  version "1.1.2"
  resolved "https://registry.npmjs.org/buffer-from/-/buffer-from-1.1.2.tgz"
  integrity sha512-E+XQCRwSbaaiChtv6k6Dwgc+bx+Bs6vuKJHHl5kox/BaKbhiXzqQOwK4cO22yElGp2OCmjwVhT3HmxgyPGnJfQ==

classnames@^2.2.6:
  version "2.5.1"
  resolved "https://registry.npmjs.org/classnames/-/classnames-2.5.1.tgz"
  integrity sha512-saHYOzhIQs6wy2sVxTM6bUDsQO4F50V9RQ22qBpEdCW+I+/Wmke2HOl6lS6dTpdxVhb88/I6+Hs+438c3lfUow==

combine-errors@^3.0.3:
  version "3.0.3"
  resolved "https://registry.npmjs.org/combine-errors/-/combine-errors-3.0.3.tgz"
  integrity sha512-C8ikRNRMygCwaTx+Ek3Yr+OuZzgZjduCOfSQBjbM8V3MfgcjSTeto/GXP6PAwKvJz/v15b7GHZvx5rOlczFw/Q==
  dependencies:
    custom-error-instance "2.1.1"
    lodash.uniqby "4.5.0"

component-emitter@^1.2.1:
  version "1.3.1"
  resolved "https://registry.npmjs.org/component-emitter/-/component-emitter-1.3.1.tgz"
  integrity sha512-T0+barUSQRTUQASh8bx02dl+DhF54GtIDY13Y3m9oWTklKbb3Wv974meRpeZ3lp1JpLVECWWNHC4vaG2XHXouQ==

compressorjs@^1.2.1:
  version "1.2.1"
  resolved "https://registry.npmjs.org/compressorjs/-/compressorjs-1.2.1.tgz"
  integrity sha512-+geIjeRnPhQ+LLvvA7wxBQE5ddeLU7pJ3FsKFWirDw6veY3s9iLxAQEw7lXGHnhCJvBujEQWuNnGzZcvCvdkLQ==
  dependencies:
    blueimp-canvas-to-blob "^3.29.0"
    is-blob "^2.1.0"

cropperjs@^1.5.12:
  version "1.6.2"
  resolved "https://registry.npmjs.org/cropperjs/-/cropperjs-1.6.2.tgz"
  integrity sha512-nhymn9GdnV3CqiEHJVai54TULFAE3VshJTXSqSJKa8yXAKyBKDWdhHarnlIPrshJ0WMFTGuFvG02YjLXfPiuOA==

cropperjs@1.5.7:
  version "1.5.7"
  resolved "https://registry.npmjs.org/cropperjs/-/cropperjs-1.5.7.tgz"
  integrity sha512-sGj+G/ofKh+f6A4BtXLJwtcKJgMUsXYVUubfTo9grERiDGXncttefmue/fyQFvn8wfdyoD1KhDRYLfjkJFl0yw==

custom-error-instance@2.1.1:
  version "2.1.1"
  resolved "https://registry.npmjs.org/custom-error-instance/-/custom-error-instance-2.1.1.tgz"
  integrity sha512-p6JFxJc3M4OTD2li2qaHkDCw9SfMw82Ldr6OC9Je1aXiGfhx2W8p3GaoeaGrPJTUN9NirTM/KTxHWMUdR1rsUg==

datatables.net-bs5@^1.11.4:
  version "1.13.11"
  resolved "https://registry.npmjs.org/datatables.net-bs5/-/datatables.net-bs5-1.13.11.tgz"
  integrity sha512-NQO15TjXo4xvZ0jReC4Uf86ezbQzPQPdaN2YncrCPhzQ6fx+2WD7DUq4ur0HbAcYHo94/M+MtD5Ch29To7Rj3Q==
  dependencies:
    datatables.net "1.13.11"
    jquery "1.8 - 4"

datatables.net@^1.11.4, datatables.net@1.13.11:
  version "1.13.11"
  resolved "https://registry.npmjs.org/datatables.net/-/datatables.net-1.13.11.tgz"
  integrity sha512-AE6RkMXziRaqzPcu/pl3SJXeRa6fmXQG/fVjuRESujvkzqDCYEeKTTpPMuVJSGYJpPi32WGSphVNNY1G4nSN/g==
  dependencies:
    jquery "1.8 - 4"

eventemitter3@^5.0.1:
  version "5.0.1"
  resolved "https://registry.npmjs.org/eventemitter3/-/eventemitter3-5.0.1.tgz"
  integrity sha512-GWkBvjiSZK87ELrYOSESUYeVIc9mvLLf/nXalMOS5dYrgZq9o5OVkbZAVM06CVxYsCwH9BDZFPlQTlPA1j4ahA==

exifr@^7.0.0:
  version "7.1.3"
  resolved "https://registry.npmjs.org/exifr/-/exifr-7.1.3.tgz"
  integrity sha512-g/aje2noHivrRSLbAUtBPWFbxKdKhgj/xr1vATDdUXPOFYJlQ62Ft0oy+72V6XLIpDJfHs6gXLbBLAolqOXYRw==

get-form-data@^3.0.0:
  version "3.0.0"
  resolved "https://registry.npmjs.org/get-form-data/-/get-form-data-3.0.0.tgz"
  integrity sha512-1d53Kn08wlPuLu31/boF1tW2WRYKw3xAWae3mqcjqpDjoqVBtXolbQnudbbEFyFWL7+2SLGRAFdotxNY06V7MA==

graceful-fs@^4.2.4:
  version "4.2.11"
  resolved "https://registry.npmjs.org/graceful-fs/-/graceful-fs-4.2.11.tgz"
  integrity sha512-RbJ5/jmFcNNCcDV5o9eTnBLJ/HszWV0P73bc+Ff4nS/rJj+YaS6IGyiOL0VoBYX+l1Wrl3k63h/KrH+nhJ0XvQ==

is-blob@^2.1.0:
  version "2.1.0"
  resolved "https://registry.npmjs.org/is-blob/-/is-blob-2.1.0.tgz"
  integrity sha512-SZ/fTft5eUhQM6oF/ZaASFDEdbFVe89Imltn9uZr03wdKMcWNVYSMjQPFtg05QuNkt5l5c135ElvXEQG0rk4tw==

is-mobile@^3.1.1:
  version "3.1.1"
  resolved "https://registry.npmjs.org/is-mobile/-/is-mobile-3.1.1.tgz"
  integrity sha512-RRoXXR2HNFxNkUnxtaBdGBXtFlUMFa06S0NUKf/LCF+MuGLu13gi9iBCkoEmc6+rpXuwi5Mso5V8Zf7mNynMBQ==

is-network-error@^1.0.0:
  version "1.1.0"
  resolved "https://registry.npmjs.org/is-network-error/-/is-network-error-1.1.0.tgz"
  integrity sha512-tUdRRAnhT+OtCZR/LxZelH/C7QtjtFrTu5tXCA8pl55eTUElUHT+GPYV8MBMBvea/j+NxQqVt3LbWMRir7Gx9g==

is-shallow-equal@^1.0.1:
  version "1.0.1"
  resolved "https://registry.npmjs.org/is-shallow-equal/-/is-shallow-equal-1.0.1.tgz"
  integrity sha512-lq5RvK+85Hs5J3p4oA4256M1FEffzmI533ikeDHvJd42nouRRx5wBzt36JuviiGe5dIPyHON/d0/Up+PBo6XkQ==

is-stream@^2.0.0:
  version "2.0.1"
  resolved "https://registry.npmjs.org/is-stream/-/is-stream-2.0.1.tgz"
  integrity sha512-hFoiJiTl63nn+kstHGBtewWSKnQLpyb155KHheA1l39uvtO9nWIop1p3udqPcUd/xbF1VLMO4n7OI6p7RbngDg==

jquery-form@^4.3.0:
  version "4.3.0"
  resolved "https://registry.npmjs.org/jquery-form/-/jquery-form-4.3.0.tgz"
  integrity sha512-q3uaVCEWdLOYUCI6dpNdwf/7cJFOsUgdpq6r0taxtGQ5NJSkOzofyWm4jpOuJ5YxdmL1FI5QR+q+HB63HHLGnQ==
  dependencies:
    jquery ">=1.7.2"

jquery-mousewheel@>=3.0.6:
  version "3.1.13"
  resolved "https://registry.npmjs.org/jquery-mousewheel/-/jquery-mousewheel-3.1.13.tgz"
  integrity sha512-GXhSjfOPyDemM005YCEHvzrEALhKDIswtxSHSR2e4K/suHVJKJxxRCGz3skPjNxjJjQa9AVSGGlYjv1M3VLIPg==

jquery-validation-unobtrusive@^3.2.12:
  version "3.2.12"
  resolved "https://registry.npmjs.org/jquery-validation-unobtrusive/-/jquery-validation-unobtrusive-3.2.12.tgz"
  integrity sha512-kPixGhVcuat7vZXngGFfSIksy4VlzZcHyRgnBIZdsfVneCU+D5sITC8T8dD/9c9K/Q+qkMlgp7ufJHz93nKSuQ==
  dependencies:
    jquery "^3.5.1"
    jquery-validation ">=1.16"

jquery-validation@^1.19.3, jquery-validation@>=1.16:
  version "1.21.0"
  resolved "https://registry.npmjs.org/jquery-validation/-/jquery-validation-1.21.0.tgz"
  integrity sha512-xNot0rlUIgu7duMcQ5qb6MGkGL/Z1PQaRJQoZAURW9+a/2PGOUxY36o/WyNeP2T9R6jvWB8Z9lUVvvQWI/Zs5w==

"jquery@^1.7 || ^2.0 || ^3.1", jquery@^3.5.1, jquery@>=1.10, jquery@>=1.12.0, "jquery@>=1.5.0 <4.0", jquery@>=1.7.2, "jquery@>=3.4.0 <4.0.0", jquery@~3.6.0, "jquery@1.8 - 4":
  version "3.6.4"
  resolved "https://registry.npmjs.org/jquery/-/jquery-3.6.4.tgz"
  integrity sha512-v28EW9DWDFpzcD9O5iyJXg3R3+q+mET5JhnjJzQUZMHOv67bpSIHq81GEYpPNZHG+XXHsfSme3nxp/hndKEcsQ==

js-base64@^3.7.2:
  version "3.7.7"
  resolved "https://registry.npmjs.org/js-base64/-/js-base64-3.7.7.tgz"
  integrity sha512-7rCnleh0z2CkXhH67J8K1Ytz0b2Y+yxTPL+/KOJoa20hfnVQ/3/T6W/KflYI4bRHRagNeXeU2bkNGI3v1oS/lw==

just-compare@^2.3.0:
  version "2.3.0"
  resolved "https://registry.npmjs.org/just-compare/-/just-compare-2.3.0.tgz"
  integrity sha512-6shoR7HDT+fzfL3gBahx1jZG3hWLrhPAf+l7nCwahDdT9XDtosB9kIF0ZrzUp5QY8dJWfQVr5rnsPqsbvflDzg==

lodash._baseiteratee@~4.7.0:
  version "4.7.0"
  resolved "https://registry.npmjs.org/lodash._baseiteratee/-/lodash._baseiteratee-4.7.0.tgz"
  integrity sha512-nqB9M+wITz0BX/Q2xg6fQ8mLkyfF7MU7eE+MNBNjTHFKeKaZAPEzEg+E8LWxKWf1DQVflNEn9N49yAuqKh2mWQ==
  dependencies:
    lodash._stringtopath "~4.8.0"

lodash._basetostring@~4.12.0:
  version "4.12.0"
  resolved "https://registry.npmjs.org/lodash._basetostring/-/lodash._basetostring-4.12.0.tgz"
  integrity sha512-SwcRIbyxnN6CFEEK4K1y+zuApvWdpQdBHM/swxP962s8HIxPO3alBH5t3m/dl+f4CMUug6sJb7Pww8d13/9WSw==

lodash._baseuniq@~4.6.0:
  version "4.6.0"
  resolved "https://registry.npmjs.org/lodash._baseuniq/-/lodash._baseuniq-4.6.0.tgz"
  integrity sha512-Ja1YevpHZctlI5beLA7oc5KNDhGcPixFhcqSiORHNsp/1QTv7amAXzw+gu4YOvErqVlMVyIJGgtzeepCnnur0A==
  dependencies:
    lodash._createset "~4.0.0"
    lodash._root "~3.0.0"

lodash._createset@~4.0.0:
  version "4.0.3"
  resolved "https://registry.npmjs.org/lodash._createset/-/lodash._createset-4.0.3.tgz"
  integrity sha512-GTkC6YMprrJZCYU3zcqZj+jkXkrXzq3IPBcF/fIPpNEAB4hZEtXU8zp/RwKOvZl43NUmwDbyRk3+ZTbeRdEBXA==

lodash._root@~3.0.0:
  version "3.0.1"
  resolved "https://registry.npmjs.org/lodash._root/-/lodash._root-3.0.1.tgz"
  integrity sha512-O0pWuFSK6x4EXhM1dhZ8gchNtG7JMqBtrHdoUFUWXD7dJnNSUze1GuyQr5sOs0aCvgGeI3o/OJW8f4ca7FDxmQ==

lodash._stringtopath@~4.8.0:
  version "4.8.0"
  resolved "https://registry.npmjs.org/lodash._stringtopath/-/lodash._stringtopath-4.8.0.tgz"
  integrity sha512-SXL66C731p0xPDC5LZg4wI5H+dJo/EO4KTqOMwLYCH3+FmmfAKJEZCm6ohGpI+T1xwsDsJCfL4OnhorllvlTPQ==
  dependencies:
    lodash._basetostring "~4.12.0"

lodash.throttle@^4.1.1:
  version "4.1.1"
  resolved "https://registry.npmjs.org/lodash.throttle/-/lodash.throttle-4.1.1.tgz"
  integrity sha512-wIkUCfVKpVsWo3JSZlc+8MB5it+2AN5W8J7YVMST30UrvcQNZ1Okbj+rbVniijTWE6FGYy4XJq/rHkas8qJMLQ==

lodash.uniqby@4.5.0:
  version "4.5.0"
  resolved "https://registry.npmjs.org/lodash.uniqby/-/lodash.uniqby-4.5.0.tgz"
  integrity sha512-IRt7cfTtHy6f1aRVA5n7kT8rgN3N1nH6MOWLcHfpWG2SH19E3JksLK38MktLxZDhlAjCP9jpIXkOnRXlu6oByQ==
  dependencies:
    lodash._baseiteratee "~4.7.0"
    lodash._baseuniq "~4.6.0"

lodash@^4.17.21:
  version "4.17.21"
  resolved "https://registry.npmjs.org/lodash/-/lodash-4.17.21.tgz"
  integrity sha512-v2kDEe57lecTulaDIuNTPy3Ry4gLGJ6Z1O3vE1krgXZNrsQ+LFTGHVxVjcXPs17LhbZVGedAJv8XZ1tvj5FvSg==

luxon@^2.3.0:
  version "2.5.2"
  resolved "https://registry.npmjs.org/luxon/-/luxon-2.5.2.tgz"
  integrity sha512-Yg7/RDp4nedqmLgyH0LwgGRvMEKVzKbUdkBYyCosbHgJ+kaOUx0qzSiSatVc3DFygnirTPYnMM2P5dg2uH1WvA==

malihu-custom-scrollbar-plugin@^3.1.5:
  version "3.1.5"
  resolved "https://registry.npmjs.org/malihu-custom-scrollbar-plugin/-/malihu-custom-scrollbar-plugin-3.1.5.tgz"
  integrity sha512-lwW3LgI+CNDMPnP4ED2la6oYxWMkCXlnhex+s2wuOLhFDFGnGmQuTQVdRK9bvDLpxs10sGlfErVufJy9ztfgJQ==
  dependencies:
    jquery-mousewheel ">=3.0.6"

memoize-one@^6.0.0:
  version "6.0.0"
  resolved "https://registry.npmjs.org/memoize-one/-/memoize-one-6.0.0.tgz"
  integrity sha512-rkpe71W0N0c0Xz6QD0eJETuWAJGnJ9afsl1srmwPrI+yBCkge5EycXXbYRyvL29zZVUWQCY7InPRCv3GDXuZNw==

mime-match@^1.0.2:
  version "1.0.2"
  resolved "https://registry.npmjs.org/mime-match/-/mime-match-1.0.2.tgz"
  integrity sha512-VXp/ugGDVh3eCLOBCiHZMYWQaTNUHv2IJrut+yXA6+JbLPXHglHwfS/5A5L0ll+jkCY7fIzRJcH6OIunF+c6Cg==
  dependencies:
    wildcard "^1.1.0"

moment@^2.9.0:
  version "2.30.1"
  resolved "https://registry.npmjs.org/moment/-/moment-2.30.1.tgz"
  integrity sha512-uEmtNhbDOrWPFS+hdjFCBfy9f2YoyzRpwcl+DqpC6taX21FzsTLQVbMV/W7PzNSX6x/bhC1zA3c2UQ5NzH6how==

namespace-emitter@^2.0.1:
  version "2.0.1"
  resolved "https://registry.npmjs.org/namespace-emitter/-/namespace-emitter-2.0.1.tgz"
  integrity sha512-N/sMKHniSDJBjfrkbS/tpkPj4RAbvW3mr8UAzvlMHyun93XEm83IAvhWtJVHo+RHn/oO8Job5YN4b+wRjSVp5g==

nanoid@^4.0.0:
  version "4.0.2"
  resolved "https://registry.npmjs.org/nanoid/-/nanoid-4.0.2.tgz"
  integrity sha512-7ZtY5KTCNheRGfEFxnedV5zFiORN1+Y1N6zvPTnHQd8ENUvfaDBeuJDZb2bN/oXwXxu3qkTXDzy57W5vAmDTBw==

p-queue@^7.3.4:
  version "7.4.1"
  resolved "https://registry.npmjs.org/p-queue/-/p-queue-7.4.1.tgz"
  integrity sha512-vRpMXmIkYF2/1hLBKisKeVYJZ8S2tZ0zEAmIJgdVKP2nq0nh4qCdf8bgw+ZgKrkh71AOCaqzwbJJk1WtdcF3VA==
  dependencies:
    eventemitter3 "^5.0.1"
    p-timeout "^5.0.2"

p-retry@^6.1.0:
  version "6.2.0"
  resolved "https://registry.npmjs.org/p-retry/-/p-retry-6.2.0.tgz"
  integrity sha512-JA6nkq6hKyWLLasXQXUrO4z8BUZGUt/LjlJxx8Gb2+2ntodU/SS63YZ8b0LUTbQ8ZB9iwOfhEPhg4ykKnn2KsA==
  dependencies:
    "@types/retry" "0.12.2"
    is-network-error "^1.0.0"
    retry "^0.13.1"

p-timeout@^5.0.2:
  version "5.1.0"
  resolved "https://registry.npmjs.org/p-timeout/-/p-timeout-5.1.0.tgz"
  integrity sha512-auFDyzzzGZZZdHz3BtET9VEz0SE/uMEAx7uWfGPucfzEwwe/xH0iVeZibQmANYE/hp9T2+UUZT5m+BKyrDp3Ew==

preact@^10.5.13:
  version "10.23.0"
  resolved "https://registry.npmjs.org/preact/-/preact-10.23.0.tgz"
  integrity sha512-Pox0jeY4q6PGkFB5AsXni+zHxxx/sAYFIFZzukW4nIpoJLRziRX0xC4WjZENlkSrDQvqVgZcaZzZ/NL8/A+H/w==

promise-queue@^2.2.5:
  version "2.2.5"
  resolved "https://registry.npmjs.org/promise-queue/-/promise-queue-2.2.5.tgz"
  integrity sha512-p/iXrPSVfnqPft24ZdNNLECw/UrtLTpT3jpAAMzl/o5/rDsGCPo3/CQS2611flL6LkoEJ3oQZw7C8Q80ZISXRQ==

proper-lockfile@^4.1.2:
  version "4.1.2"
  resolved "https://registry.npmjs.org/proper-lockfile/-/proper-lockfile-4.1.2.tgz"
  integrity sha512-TjNPblN4BwAWMXU8s9AEz4JmQxnD1NNL7bNOY/AKUzyamc379FWASUhc/K1pL2noVb+XmZKLL68cjzLsiOAMaA==
  dependencies:
    graceful-fs "^4.2.4"
    retry "^0.12.0"
    signal-exit "^3.0.2"

querystringify@^2.1.1:
  version "2.2.0"
  resolved "https://registry.npmjs.org/querystringify/-/querystringify-2.2.0.tgz"
  integrity sha512-FIqgj2EUvTa7R50u0rGsyTftzjYmv/a3hO345bZNrqabNqjtgiDMgmo4mkUjd+nzU5oF3dClKqFIPUKybUyqoQ==

requires-port@^1.0.0:
  version "1.0.0"
  resolved "https://registry.npmjs.org/requires-port/-/requires-port-1.0.0.tgz"
  integrity sha512-KigOCHcocU3XODJxsu8i/j8T9tzT4adHiecwORRQ0ZZFcp7ahwXuRU1m+yuO90C5ZUyGeGfocHDI14M3L3yDAQ==

retry@^0.12.0:
  version "0.12.0"
  resolved "https://registry.npmjs.org/retry/-/retry-0.12.0.tgz"
  integrity sha512-9LkiTwjUh6rT555DtE9rTX+BKByPfrMzEAtnlEtdEwr3Nkffwiihqe2bWADg+OQRjt9gl6ICdmB/ZFDCGAtSow==

retry@^0.13.1:
  version "0.13.1"
  resolved "https://registry.npmjs.org/retry/-/retry-0.13.1.tgz"
  integrity sha512-XQBQ3I8W1Cge0Seh+6gjj03LbmRFWuoszgK9ooCpwYIrhhoO80pfq4cUkU5DkknwfOfFteRwlZ56PYOGYyFWdg==

select2@^4.0.13:
  version "4.0.13"
  resolved "https://registry.npmjs.org/select2/-/select2-4.0.13.tgz"
  integrity sha512-1JeB87s6oN/TDxQQYCvS5EFoQyvV6eYMZZ0AeA4tdFDYWN3BAGZ8npr17UBFddU0lgAt3H0yjX3X6/ekOj1yjw==

signal-exit@^3.0.2:
  version "3.0.7"
  resolved "https://registry.npmjs.org/signal-exit/-/signal-exit-3.0.7.tgz"
  integrity sha512-wnD2ZE+l+SPC/uoS0vXeE9L1+0wuaMqKlfz9AMUo38JsyLSBWSFcHR1Rri62LZc12vLr1gb3jl7iwQhgwpAbGQ==

sweetalert2@^11.3.6:
  version "11.12.3"
  resolved "https://registry.npmjs.org/sweetalert2/-/sweetalert2-11.12.3.tgz"
  integrity sha512-tgGJSgfSV/xK113JEvhjwqKAuBYLXsZf0z+tGlHKQNnsLMi4eSNuzn9tt5hUdvjOVTLSPDgo0Lc+tnjy9Uj7Og==

timeago@^1.6.7:
  version "1.6.7"
  resolved "https://registry.npmjs.org/timeago/-/timeago-1.6.7.tgz"
  integrity sha512-FikcjN98+ij0siKH4VO4dZ358PR3oDDq4Vdl1+sN9gWz1/+JXGr3uZbUShYH/hL7bMhcTpPbplJU5Tej4b4jbQ==
  dependencies:
    jquery ">=1.5.0 <4.0"

toastr@^2.1.4:
  version "2.1.4"
  resolved "https://registry.npmjs.org/toastr/-/toastr-2.1.4.tgz"
  integrity sha512-LIy77F5n+sz4tefMmFOntcJ6HL0Fv3k1TDnNmFZ0bU/GcvIIfy6eG2v7zQmMiYgaalAiUv75ttFrPn5s0gyqlA==
  dependencies:
    jquery ">=1.12.0"

tus-js-client@^3.1.3:
  version "3.1.3"
  resolved "https://registry.npmjs.org/tus-js-client/-/tus-js-client-3.1.3.tgz"
  integrity sha512-n9k6rI/nPOuP2TaqPG6Ogz3a3V1cSH9en7N0VH4gh95jmG8JA58TJzLms2lBfb7aKVb3fdUunqYEG3WnQnZRvQ==
  dependencies:
    buffer-from "^1.1.2"
    combine-errors "^3.0.3"
    is-stream "^2.0.0"
    js-base64 "^3.7.2"
    lodash.throttle "^4.1.1"
    proper-lockfile "^4.1.2"
    url-parse "^1.5.7"

uppy@^3.0.0:
  version "3.27.3"
  resolved "https://registry.npmjs.org/uppy/-/uppy-3.27.3.tgz"
  integrity sha512-alt75NWhBHnNh3ae9kulG7jGeBRNmfFNLDIzCAPW3EpmobE3USKuz1Gj9U0aULQk+LUBmUfYLUBA58FukHU6PQ==
  dependencies:
    "@uppy/audio" "^1.1.9"
    "@uppy/aws-s3" "^3.6.2"
    "@uppy/aws-s3-multipart" "^3.12.0"
    "@uppy/box" "^2.4.0"
    "@uppy/companion-client" "^3.8.2"
    "@uppy/compressor" "^1.1.4"
    "@uppy/core" "^3.13.1"
    "@uppy/dashboard" "^3.9.1"
    "@uppy/drag-drop" "^3.1.1"
    "@uppy/drop-target" "^2.1.0"
    "@uppy/dropbox" "^3.4.0"
    "@uppy/facebook" "^3.3.1"
    "@uppy/file-input" "^3.1.2"
    "@uppy/form" "^3.2.2"
    "@uppy/golden-retriever" "^3.2.0"
    "@uppy/google-drive" "^3.6.0"
    "@uppy/google-photos" "^0.1.0"
    "@uppy/image-editor" "^2.4.6"
    "@uppy/informer" "^3.1.0"
    "@uppy/instagram" "^3.3.1"
    "@uppy/onedrive" "^3.4.0"
    "@uppy/progress-bar" "^3.1.1"
    "@uppy/provider-views" "^3.13.0"
    "@uppy/redux-dev-tools" "^3.0.3"
    "@uppy/remote-sources" "^1.3.0"
    "@uppy/screen-capture" "^3.2.0"
    "@uppy/status-bar" "^3.3.3"
    "@uppy/store-default" "^3.2.2"
    "@uppy/store-redux" "^3.0.7"
    "@uppy/thumbnail-generator" "^3.1.0"
    "@uppy/transloadit" "^3.8.0"
    "@uppy/tus" "^3.5.5"
    "@uppy/unsplash" "^3.3.1"
    "@uppy/url" "^3.6.1"
    "@uppy/webcam" "^3.4.2"
    "@uppy/xhr-upload" "^3.6.8"
    "@uppy/zoom" "^2.3.1"

url-parse@^1.5.7:
  version "1.5.10"
  resolved "https://registry.npmjs.org/url-parse/-/url-parse-1.5.10.tgz"
  integrity sha512-WypcfiRhfeUP9vvF0j6rw0J3hrWrw6iZv3+22h6iRMJ/8z1Tj6XfLP4DsUix5MhMPnXpiHDoKyoZ/bdCkwBCiQ==
  dependencies:
    querystringify "^2.1.1"
    requires-port "^1.0.0"

wildcard@^1.1.0:
  version "1.1.2"
  resolved "https://registry.npmjs.org/wildcard/-/wildcard-1.1.2.tgz"
  integrity sha512-DXukZJxpHA8LuotRwL0pP1+rS6CS7FF2qStDDE1C7DDg2rLud2PXRMuEDYIPhgEezwnlHNL4c+N6MfMTjCGTng==

zxcvbn@^4.4.2:
  version "4.4.2"
  resolved "https://registry.npmjs.org/zxcvbn/-/zxcvbn-4.4.2.tgz"
  integrity sha512-Bq0B+ixT/DMyG8kgX2xWcI5jUvCwqrMxSFam7m0lAf78nf04hv6lNCsyLYdyYTrCVMqNDY/206K7eExYCeSyUQ==
