Microsoft Visual Studio Solution File, Format Version 12.00
# Visual Studio Version 17
VisualStudioVersion = 17.5.33627.172
MinimumVisualStudioVersion = 10.0.40219.1
Project("{2150E333-8FDC-42A3-9474-1A3956D46DE8}") = "src", "src", "{2A898E58-4D47-4F56-9C91-724465192D92}"
EndProject
Project("{9A19103F-16F7-4668-BE54-9A1E7A4F7556}") = "Pablo.MicroAppStudio01.AuthServer", "Pablo.MicroAppStudio01.AuthServer\Pablo.MicroAppStudio01.AuthServer.csproj", "{19F74D41-3BE1-4FC2-82C9-CEBBC712DCC4}"
EndProject
Global
	GlobalSection(SolutionConfigurationPlatforms) = preSolution
		Debug|Any CPU = Debug|Any CPU
		Debug|x64 = Debug|x64
		Debug|x86 = Debug|x86
		Release|Any CPU = Release|Any CPU
		Release|x64 = Release|x64
		Release|x86 = Release|x86
	EndGlobalSection
	GlobalSection(ProjectConfigurationPlatforms) = postSolution
		{19F74D41-3BE1-4FC2-82C9-CEBBC712DCC4}.Debug|Any CPU.ActiveCfg = Debug|Any CPU
		{19F74D41-3BE1-4FC2-82C9-CEBBC712DCC4}.Debug|Any CPU.Build.0 = Debug|Any CPU
		{19F74D41-3BE1-4FC2-82C9-CEBBC712DCC4}.Debug|x64.ActiveCfg = Debug|Any CPU
		{19F74D41-3BE1-4FC2-82C9-CEBBC712DCC4}.Debug|x64.Build.0 = Debug|Any CPU
		{19F74D41-3BE1-4FC2-82C9-CEBBC712DCC4}.Debug|x86.ActiveCfg = Debug|Any CPU
		{19F74D41-3BE1-4FC2-82C9-CEBBC712DCC4}.Debug|x86.Build.0 = Debug|Any CPU
		{19F74D41-3BE1-4FC2-82C9-CEBBC712DCC4}.Release|Any CPU.ActiveCfg = Release|Any CPU
		{19F74D41-3BE1-4FC2-82C9-CEBBC712DCC4}.Release|Any CPU.Build.0 = Release|Any CPU
		{19F74D41-3BE1-4FC2-82C9-CEBBC712DCC4}.Release|x64.ActiveCfg = Release|Any CPU
		{19F74D41-3BE1-4FC2-82C9-CEBBC712DCC4}.Release|x64.Build.0 = Release|Any CPU
		{19F74D41-3BE1-4FC2-82C9-CEBBC712DCC4}.Release|x86.ActiveCfg = Release|Any CPU
		{19F74D41-3BE1-4FC2-82C9-CEBBC712DCC4}.Release|x86.Build.0 = Release|Any CPU
	EndGlobalSection
	GlobalSection(SolutionProperties) = preSolution
		HideSolutionNode = FALSE
	EndGlobalSection
	GlobalSection(NestedProjects) = preSolution
		{19F74D41-3BE1-4FC2-82C9-CEBBC712DCC4} = {2A898E58-4D47-4F56-9C91-724465192D92}
	EndGlobalSection
EndGlobal
