
Microsoft Visual Studio Solution File, Format Version 12.00
# Visual Studio Version 17
VisualStudioVersion = 17.5.33627.172
MinimumVisualStudioVersion = 10.0.40219.1
Project("{9A19103F-16F7-4668-BE54-9A1E7A4F7556}") = "Pablo.MicroAppStudio01.AdministrationService", "Pablo.MicroAppStudio01.AdministrationService\Pablo.MicroAppStudio01.AdministrationService.csproj", "{B74A2241-4196-445E-A1B2-D39AAFA630E3}"
EndProject
Project("{9A19103F-16F7-4668-BE54-9A1E7A4F7556}") = "Pablo.MicroAppStudio01.AdministrationService.Contracts", "Pablo.MicroAppStudio01.AdministrationService.Contracts\Pablo.MicroAppStudio01.AdministrationService.Contracts.csproj", "{841c7506-cbdc-4a4f-a778-69b9179033f3}"
EndProject
Project("{FAE04EC0-301F-11D3-BF4B-00C04F79EFBC}") = "Pablo.MicroAppStudio01.AdministrationService.Tests", "Pablo.MicroAppStudio01.AdministrationService.Tests\Pablo.MicroAppStudio01.AdministrationService.Tests.csproj", "{2C7A6DD5-E911-4C1C-BF30-7D131AF1F260}"
EndProject
Global
	GlobalSection(SolutionConfigurationPlatforms) = preSolution
		Debug|Any CPU = Debug|Any CPU
		Release|Any CPU = Release|Any CPU
	EndGlobalSection
	GlobalSection(ProjectConfigurationPlatforms) = postSolution
		{B74A2241-4196-445E-A1B2-D39AAFA630E3}.Debug|Any CPU.ActiveCfg = Debug|Any CPU
		{B74A2241-4196-445E-A1B2-D39AAFA630E3}.Debug|Any CPU.Build.0 = Debug|Any CPU
		{B74A2241-4196-445E-A1B2-D39AAFA630E3}.Release|Any CPU.ActiveCfg = Release|Any CPU
		{B74A2241-4196-445E-A1B2-D39AAFA630E3}.Release|Any CPU.Build.0 = Release|Any CPU
		{841c7506-cbdc-4a4f-a778-69b9179033f3}.Debug|Any CPU.ActiveCfg = Debug|Any CPU
		{841c7506-cbdc-4a4f-a778-69b9179033f3}.Debug|Any CPU.Build.0 = Debug|Any CPU
		{841c7506-cbdc-4a4f-a778-69b9179033f3}.Release|Any CPU.ActiveCfg = Release|Any CPU
		{841c7506-cbdc-4a4f-a778-69b9179033f3}.Release|Any CPU.Build.0 = Release|Any CPU
		{2C7A6DD5-E911-4C1C-BF30-7D131AF1F260}.Debug|Any CPU.ActiveCfg = Debug|Any CPU
		{2C7A6DD5-E911-4C1C-BF30-7D131AF1F260}.Debug|Any CPU.Build.0 = Debug|Any CPU
		{2C7A6DD5-E911-4C1C-BF30-7D131AF1F260}.Release|Any CPU.ActiveCfg = Release|Any CPU
		{2C7A6DD5-E911-4C1C-BF30-7D131AF1F260}.Release|Any CPU.Build.0 = Release|Any CPU
	EndGlobalSection
	GlobalSection(SolutionProperties) = preSolution
		HideSolutionNode = FALSE
	EndGlobalSection
	GlobalSection(ExtensibilityGlobals) = postSolution
		SolutionGuid = {171FBA36-321D-4753-8773-1CD749E01279}
	EndGlobalSection
EndGlobal
